
Microsoft Visual Studio Solution File, Format Version 12.00
# Visual Studio Version 16
VisualStudioVersion = 16.0.30413.136
MinimumVisualStudioVersion = 10.0.40219.1
Project("{FAE04EC0-301F-11D3-BF4B-00C04F79EFBC}") = "RandomNumberGenerators", "RandomNumberGenerators\RandomNumberGenerators.csproj", "{70CAD396-0742-4913-9493-2C80859977B3}"
EndProject
Project("{FAE04EC0-301F-11D3-BF4B-00C04F79EFBC}") = "DiceGame", "DiceGame\DiceGame.csproj", "{42E6D75B-8661-441A-9802-FA76E8AAFEF0}"
EndProject
Global
	GlobalSection(SolutionConfigurationPlatforms) = preSolution
		Debug|Any CPU = Debug|Any CPU
		Release|Any CPU = Release|Any CPU
	EndGlobalSection
	GlobalSection(ProjectConfigurationPlatforms) = postSolution
		{70CAD396-0742-4913-9493-2C80859977B3}.Debug|Any CPU.ActiveCfg = Debug|Any CPU
		{70CAD396-0742-4913-9493-2C80859977B3}.Debug|Any CPU.Build.0 = Debug|Any CPU
		{70CAD396-0742-4913-9493-2C80859977B3}.Release|Any CPU.ActiveCfg = Release|Any CPU
		{70CAD396-0742-4913-9493-2C80859977B3}.Release|Any CPU.Build.0 = Release|Any CPU
		{42E6D75B-8661-441A-9802-FA76E8AAFEF0}.Debug|Any CPU.ActiveCfg = Debug|Any CPU
		{42E6D75B-8661-441A-9802-FA76E8AAFEF0}.Debug|Any CPU.Build.0 = Debug|Any CPU
		{42E6D75B-8661-441A-9802-FA76E8AAFEF0}.Release|Any CPU.ActiveCfg = Release|Any CPU
		{42E6D75B-8661-441A-9802-FA76E8AAFEF0}.Release|Any CPU.Build.0 = Release|Any CPU
	EndGlobalSection
	GlobalSection(SolutionProperties) = preSolution
		HideSolutionNode = FALSE
	EndGlobalSection
	GlobalSection(ExtensibilityGlobals) = postSolution
		SolutionGuid = {383328B3-C611-4EDD-B995-1FA61C8FC3B1}
	EndGlobalSection
EndGlobal
